// !$*UTF8*$!
{
	archiveVersion = 1;
	classes = {
	};
	objectVersion = 77;
	objects = {

/* Begin PBXContainerItemProxy section */
		7A86E55D2D8D0B910041B0C1 /* PBXContainerItemProxy */ = {
			isa = PBXContainerItemProxy;
			containerPortal = 7A86E5412D8D0B900041B0C1 /* Project object */;
			proxyType = 1;
			remoteGlobalIDString = 7A86E5482D8D0B900041B0C1;
			remoteInfo = DragableScrollView;
		};
		7A86E5672D8D0B910041B0C1 /* PBXContainerItemProxy */ = {
			isa = PBXContainerItemProxy;
			containerPortal = 7A86E5412D8D0B900041B0C1 /* Project object */;
			proxyType = 1;
			remoteGlobalIDString = 7A86E5482D8D0B900041B0C1;
			remoteInfo = DragableScrollView;
		};
/* End PBXContainerItemProxy section */

/* Begin PBXFileReference section */
		7A86E5492D8D0B900041B0C1 /* DragableScrollView.app */ = {isa = PBXFileReference; explicitFileType = wrapper.application; includeInIndex = 0; path = DragableScrollView.app; sourceTree = BUILT_PRODUCTS_DIR; };
		7A86E55C2D8D0B910041B0C1 /* DragableScrollViewTests.xctest */ = {isa = PBXFileReference; explicitFileType = wrapper.cfbundle; includeInIndex = 0; path = DragableScrollViewTests.xctest; sourceTree = BUILT_PRODUCTS_DIR; };
		7A86E5662D8D0B910041B0C1 /* DragableScrollViewUITests.xctest */ = {isa = PBXFileReference; explicitFileType = wrapper.cfbundle; includeInIndex = 0; path = DragableScrollViewUITests.xctest; sourceTree = BUILT_PRODUCTS_DIR; };
/* End PBXFileReference section */

/* Begin PBXFileSystemSynchronizedRootGroup section */
		7A86E54B2D8D0B900041B0C1 /* DragableScrollView */ = {
			isa = PBXFileSystemSynchronizedRootGroup;
			path = DragableScrollView;
			sourceTree = "<group>";
		};
		7A86E55F2D8D0B910041B0C1 /* DragableScrollViewTests */ = {
			isa = PBXFileSystemSynchronizedRootGroup;
			path = DragableScrollViewTests;
			sourceTree = "<group>";
		};
		7A86E5692D8D0B910041B0C1 /* DragableScrollViewUITests */ = {
			isa = PBXFileSystemSynchronizedRootGroup;
			path = DragableScrollViewUITests;
			sourceTree = "<group>";
		};
/* End PBXFileSystemSynchronizedRootGroup section */

/* Begin PBXFrameworksBuildPhase section */
		7A86E5462D8D0B900041B0C1 /* Frameworks */ = {
			isa = PBXFrameworksBuildPhase;
			buildActionMask = 2147483647;
			files = (
			);
			runOnlyForDeploymentPostprocessing = 0;
		};
		7A86E5592D8D0B910041B0C1 /* Frameworks */ = {
			isa = PBXFrameworksBuildPhase;
			buildActionMask = 2147483647;
			files = (
			);
			runOnlyForDeploymentPostprocessing = 0;
		};
		7A86E5632D8D0B910041B0C1 /* Frameworks */ = {
			isa = PBXFrameworksBuildPhase;
			buildActionMask = 2147483647;
			files = (
			);
			runOnlyForDeploymentPostprocessing = 0;
		};
/* End PBXFrameworksBuildPhase section */

/* Begin PBXGroup section */
		7A86E5402D8D0B900041B0C1 = {
			isa = PBXGroup;
			children = (
				7A86E54B2D8D0B900041B0C1 /* DragableScrollView */,
				7A86E55F2D8D0B910041B0C1 /* DragableScrollViewTests */,
				7A86E5692D8D0B910041B0C1 /* DragableScrollViewUITests */,
				7A86E54A2D8D0B900041B0C1 /* Products */,
			);
			sourceTree = "<group>";
		};
		7A86E54A2D8D0B900041B0C1 /* Products */ = {
			isa = PBXGroup;
			children = (
				7A86E5492D8D0B900041B0C1 /* DragableScrollView.app */,
				7A86E55C2D8D0B910041B0C1 /* DragableScrollViewTests.xctest */,
				7A86E5662D8D0B910041B0C1 /* DragableScrollViewUITests.xctest */,
			);
			name = Products;
			sourceTree = "<group>";
		};
/* End PBXGroup section */

/* Begin PBXNativeTarget section */
		7A86E5482D8D0B900041B0C1 /* DragableScrollView */ = {
			isa = PBXNativeTarget;
			buildConfigurationList = 7A86E5702D8D0B910041B0C1 /* Build configuration list for PBXNativeTarget "DragableScrollView" */;
			buildPhases = (
				7A86E5452D8D0B900041B0C1 /* Sources */,
				7A86E5462D8D0B900041B0C1 /* Frameworks */,
				7A86E5472D8D0B900041B0C1 /* Resources */,
			);
			buildRules = (
			);
			dependencies = (
			);
			fileSystemSynchronizedGroups = (
				7A86E54B2D8D0B900041B0C1 /* DragableScrollView */,
			);
			name = DragableScrollView;
			packageProductDependencies = (
			);
			productName = DragableScrollView;
			productReference = 7A86E5492D8D0B900041B0C1 /* DragableScrollView.app */;
			productType = "com.apple.product-type.application";
		};
		7A86E55B2D8D0B910041B0C1 /* DragableScrollViewTests */ = {
			isa = PBXNativeTarget;
			buildConfigurationList = 7A86E5732D8D0B910041B0C1 /* Build configuration list for PBXNativeTarget "DragableScrollViewTests" */;
			buildPhases = (
				7A86E5582D8D0B910041B0C1 /* Sources */,
				7A86E5592D8D0B910041B0C1 /* Frameworks */,
				7A86E55A2D8D0B910041B0C1 /* Resources */,
			);
			buildRules = (
			);
			dependencies = (
				7A86E55E2D8D0B910041B0C1 /* PBXTargetDependency */,
			);
			fileSystemSynchronizedGroups = (
				7A86E55F2D8D0B910041B0C1 /* DragableScrollViewTests */,
			);
			name = DragableScrollViewTests;
			packageProductDependencies = (
			);
			productName = DragableScrollViewTests;
			productReference = 7A86E55C2D8D0B910041B0C1 /* DragableScrollViewTests.xctest */;
			productType = "com.apple.product-type.bundle.unit-test";
		};
		7A86E5652D8D0B910041B0C1 /* DragableScrollViewUITests */ = {
			isa = PBXNativeTarget;
			buildConfigurationList = 7A86E5762D8D0B910041B0C1 /* Build configuration list for PBXNativeTarget "DragableScrollViewUITests" */;
			buildPhases = (
				7A86E5622D8D0B910041B0C1 /* Sources */,
				7A86E5632D8D0B910041B0C1 /* Frameworks */,
				7A86E5642D8D0B910041B0C1 /* Resources */,
			);
			buildRules = (
			);
			dependencies = (
				7A86E5682D8D0B910041B0C1 /* PBXTargetDependency */,
			);
			fileSystemSynchronizedGroups = (
				7A86E5692D8D0B910041B0C1 /* DragableScrollViewUITests */,
			);
			name = DragableScrollViewUITests;
			packageProductDependencies = (
			);
			productName = DragableScrollViewUITests;
			productReference = 7A86E5662D8D0B910041B0C1 /* DragableScrollViewUITests.xctest */;
			productType = "com.apple.product-type.bundle.ui-testing";
		};
/* End PBXNativeTarget section */

/* Begin PBXProject section */
		7A86E5412D8D0B900041B0C1 /* Project object */ = {
			isa = PBXProject;
			attributes = {
				BuildIndependentTargetsInParallel = 1;
				LastSwiftUpdateCheck = 1620;
				LastUpgradeCheck = 1620;
				TargetAttributes = {
					7A86E5482D8D0B900041B0C1 = {
						CreatedOnToolsVersion = 16.2;
					};
					7A86E55B2D8D0B910041B0C1 = {
						CreatedOnToolsVersion = 16.2;
						TestTargetID = 7A86E5482D8D0B900041B0C1;
					};
					7A86E5652D8D0B910041B0C1 = {
						CreatedOnToolsVersion = 16.2;
						TestTargetID = 7A86E5482D8D0B900041B0C1;
					};
				};
			};
			buildConfigurationList = 7A86E5442D8D0B900041B0C1 /* Build configuration list for PBXProject "DragableScrollView" */;
			developmentRegion = en;
			hasScannedForEncodings = 0;
			knownRegions = (
				en,
				Base,
			);
			mainGroup = 7A86E5402D8D0B900041B0C1;
			minimizedProjectReferenceProxies = 1;
			preferredProjectObjectVersion = 77;
			productRefGroup = 7A86E54A2D8D0B900041B0C1 /* Products */;
			projectDirPath = "";
			projectRoot = "";
			targets = (
				7A86E5482D8D0B900041B0C1 /* DragableScrollView */,
				7A86E55B2D8D0B910041B0C1 /* DragableScrollViewTests */,
				7A86E5652D8D0B910041B0C1 /* DragableScrollViewUITests */,
			);
		};
/* End PBXProject section */

/* Begin PBXResourcesBuildPhase section */
		7A86E5472D8D0B900041B0C1 /* Resources */ = {
			isa = PBXResourcesBuildPhase;
			buildActionMask = 2147483647;
			files = (
			);
			runOnlyForDeploymentPostprocessing = 0;
		};
		7A86E55A2D8D0B910041B0C1 /* Resources */ = {
			isa = PBXResourcesBuildPhase;
			buildActionMask = 2147483647;
			files = (
			);
			runOnlyForDeploymentPostprocessing = 0;
		};
		7A86E5642D8D0B910041B0C1 /* Resources */ = {
			isa = PBXResourcesBuildPhase;
			buildActionMask = 2147483647;
			files = (
			);
			runOnlyForDeploymentPostprocessing = 0;
		};
/* End PBXResourcesBuildPhase section */

/* Begin PBXSourcesBuildPhase section */
		7A86E5452D8D0B900041B0C1 /* Sources */ = {
			isa = PBXSourcesBuildPhase;
			buildActionMask = 2147483647;
			files = (
			);
			runOnlyForDeploymentPostprocessing = 0;
		};
		7A86E5582D8D0B910041B0C1 /* Sources */ = {
			isa = PBXSourcesBuildPhase;
			buildActionMask = 2147483647;
			files = (
			);
			runOnlyForDeploymentPostprocessing = 0;
		};
		7A86E5622D8D0B910041B0C1 /* Sources */ = {
			isa = PBXSourcesBuildPhase;
			buildActionMask = 2147483647;
			files = (
			);
			runOnlyForDeploymentPostprocessing = 0;
		};
/* End PBXSourcesBuildPhase section */

/* Begin PBXTargetDependency section */
		7A86E55E2D8D0B910041B0C1 /* PBXTargetDependency */ = {
			isa = PBXTargetDependency;
			target = 7A86E5482D8D0B900041B0C1 /* DragableScrollView */;
			targetProxy = 7A86E55D2D8D0B910041B0C1 /* PBXContainerItemProxy */;
		};
		7A86E5682D8D0B910041B0C1 /* PBXTargetDependency */ = {
			isa = PBXTargetDependency;
			target = 7A86E5482D8D0B900041B0C1 /* DragableScrollView */;
			targetProxy = 7A86E5672D8D0B910041B0C1 /* PBXContainerItemProxy */;
		};
/* End PBXTargetDependency section */

/* Begin XCBuildConfiguration section */
		7A86E56E2D8D0B910041B0C1 /* Debug */ = {
			isa = XCBuildConfiguration;
			buildSettings = {
				ALWAYS_SEARCH_USER_PATHS = NO;
				ASSETCATALOG_COMPILER_GENERATE_SWIFT_ASSET_SYMBOL_EXTENSIONS = YES;
				CLANG_ANALYZER_NONNULL = YES;
				CLANG_ANALYZER_NUMBER_OBJECT_CONVERSION = YES_AGGRESSIVE;
				CLANG_CXX_LANGUAGE_STANDARD = "gnu++20";
				CLANG_ENABLE_MODULES = YES;
				CLANG_ENABLE_OBJC_ARC = YES;
				CLANG_ENABLE_OBJC_WEAK = YES;
				CLANG_WARN_BLOCK_CAPTURE_AUTORELEASING = YES;
				CLANG_WARN_BOOL_CONVERSION = YES;
				CLANG_WARN_COMMA = YES;
				CLANG_WARN_CONSTANT_CONVERSION = YES;
				CLANG_WARN_DEPRECATED_OBJC_IMPLEMENTATIONS = YES;
				CLANG_WARN_DIRECT_OBJC_ISA_USAGE = YES_ERROR;
				CLANG_WARN_DOCUMENTATION_COMMENTS = YES;
				CLANG_WARN_EMPTY_BODY = YES;
				CLANG_WARN_ENUM_CONVERSION = YES;
				CLANG_WARN_INFINITE_RECURSION = YES;
				CLANG_WARN_INT_CONVERSION = YES;
				CLANG_WARN_NON_LITERAL_NULL_CONVERSION = YES;
				CLANG_WARN_OBJC_IMPLICIT_RETAIN_SELF = YES;
				CLANG_WARN_OBJC_LITERAL_CONVERSION = YES;
				CLANG_WARN_OBJC_ROOT_CLASS = YES_ERROR;
				CLANG_WARN_QUOTED_INCLUDE_IN_FRAMEWORK_HEADER = YES;
				CLANG_WARN_RANGE_LOOP_ANALYSIS = YES;
				CLANG_WARN_STRICT_PROTOTYPES = YES;
				CLANG_WARN_SUSPICIOUS_MOVE = YES;
				CLANG_WARN_UNGUARDED_AVAILABILITY = YES_AGGRESSIVE;
				CLANG_WARN_UNREACHABLE_CODE = YES;
				CLANG_WARN__DUPLICATE_METHOD_MATCH = YES;
				COPY_PHASE_STRIP = NO;
				DEBUG_INFORMATION_FORMAT = dwarf;
				ENABLE_STRICT_OBJC_MSGSEND = YES;
				ENABLE_TESTABILITY = YES;
				ENABLE_USER_SCRIPT_SANDBOXING = YES;
				GCC_C_LANGUAGE_STANDARD = gnu17;
				GCC_DYNAMIC_NO_PIC = NO;
				GCC_NO_COMMON_BLOCKS = YES;
				GCC_OPTIMIZATION_LEVEL = 0;
				GCC_PREPROCESSOR_DEFINITIONS = (
					"DEBUG=1",
					"$(inherited)",
				);
				GCC_WARN_64_TO_32_BIT_CONVERSION = YES;
				GCC_WARN_ABOUT_RETURN_TYPE = YES_ERROR;
				GCC_WARN_UNDECLARED_SELECTOR = YES;
				GCC_WARN_UNINITIALIZED_AUTOS = YES_AGGRESSIVE;
				GCC_WARN_UNUSED_FUNCTION = YES;
				GCC_WARN_UNUSED_VARIABLE = YES;
				LOCALIZATION_PREFERS_STRING_CATALOGS = YES;
				MACOSX_DEPLOYMENT_TARGET = 15.2;
				MTL_ENABLE_DEBUG_INFO = INCLUDE_SOURCE;
				MTL_FAST_MATH = YES;
				ONLY_ACTIVE_ARCH = YES;
				SDKROOT = macosx;
				SWIFT_ACTIVE_COMPILATION_CONDITIONS = "DEBUG $(inherited)";
				SWIFT_OPTIMIZATION_LEVEL = "-Onone";
			};
			name = Debug;
		};
		7A86E56F2D8D0B910041B0C1 /* Release */ = {
			isa = XCBuildConfiguration;
			buildSettings = {
				ALWAYS_SEARCH_USER_PATHS = NO;
				ASSETCATALOG_COMPILER_GENERATE_SWIFT_ASSET_SYMBOL_EXTENSIONS = YES;
				CLANG_ANALYZER_NONNULL = YES;
				CLANG_ANALYZER_NUMBER_OBJECT_CONVERSION = YES_AGGRESSIVE;
				CLANG_CXX_LANGUAGE_STANDARD = "gnu++20";
				CLANG_ENABLE_MODULES = YES;
				CLANG_ENABLE_OBJC_ARC = YES;
				CLANG_ENABLE_OBJC_WEAK = YES;
				CLANG_WARN_BLOCK_CAPTURE_AUTORELEASING = YES;
				CLANG_WARN_BOOL_CONVERSION = YES;
				CLANG_WARN_COMMA = YES;
				CLANG_WARN_CONSTANT_CONVERSION = YES;
				CLANG_WARN_DEPRECATED_OBJC_IMPLEMENTATIONS = YES;
				CLANG_WARN_DIRECT_OBJC_ISA_USAGE = YES_ERROR;
				CLANG_WARN_DOCUMENTATION_COMMENTS = YES;
				CLANG_WARN_EMPTY_BODY = YES;
				CLANG_WARN_ENUM_CONVERSION = YES;
				CLANG_WARN_INFINITE_RECURSION = YES;
				CLANG_WARN_INT_CONVERSION = YES;
				CLANG_WARN_NON_LITERAL_NULL_CONVERSION = YES;
				CLANG_WARN_OBJC_IMPLICIT_RETAIN_SELF = YES;
				CLANG_WARN_OBJC_LITERAL_CONVERSION = YES;
				CLANG_WARN_OBJC_ROOT_CLASS = YES_ERROR;
				CLANG_WARN_QUOTED_INCLUDE_IN_FRAMEWORK_HEADER = YES;
				CLANG_WARN_RANGE_LOOP_ANALYSIS = YES;
				CLANG_WARN_STRICT_PROTOTYPES = YES;
				CLANG_WARN_SUSPICIOUS_MOVE = YES;
				CLANG_WARN_UNGUARDED_AVAILABILITY = YES_AGGRESSIVE;
				CLANG_WARN_UNREACHABLE_CODE = YES;
				CLANG_WARN__DUPLICATE_METHOD_MATCH = YES;
				COPY_PHASE_STRIP = NO;
				DEBUG_INFORMATION_FORMAT = "dwarf-with-dsym";
				ENABLE_NS_ASSERTIONS = NO;
				ENABLE_STRICT_OBJC_MSGSEND = YES;
				ENABLE_USER_SCRIPT_SANDBOXING = YES;
				GCC_C_LANGUAGE_STANDARD = gnu17;
				GCC_NO_COMMON_BLOCKS = YES;
				GCC_WARN_64_TO_32_BIT_CONVERSION = YES;
				GCC_WARN_ABOUT_RETURN_TYPE = YES_ERROR;
				GCC_WARN_UNDECLARED_SELECTOR = YES;
				GCC_WARN_UNINITIALIZED_AUTOS = YES_AGGRESSIVE;
				GCC_WARN_UNUSED_FUNCTION = YES;
				GCC_WARN_UNUSED_VARIABLE = YES;
				LOCALIZATION_PREFERS_STRING_CATALOGS = YES;
				MACOSX_DEPLOYMENT_TARGET = 15.2;
				MTL_ENABLE_DEBUG_INFO = NO;
				MTL_FAST_MATH = YES;
				SDKROOT = macosx;
				SWIFT_COMPILATION_MODE = wholemodule;
			};
			name = Release;
		};
		7A86E5712D8D0B910041B0C1 /* Debug */ = {
			isa = XCBuildConfiguration;
			buildSettings = {
				ASSETCATALOG_COMPILER_APPICON_NAME = AppIcon;
				ASSETCATALOG_COMPILER_GLOBAL_ACCENT_COLOR_NAME = AccentColor;
				CODE_SIGN_ENTITLEMENTS = DragableScrollView/DragableScrollView.entitlements;
				CODE_SIGN_STYLE = Automatic;
				COMBINE_HIDPI_IMAGES = YES;
				CURRENT_PROJECT_VERSION = 1;
				DEVELOPMENT_ASSET_PATHS = "\"DragableScrollView/Preview Content\"";
				DEVELOPMENT_TEAM = 586SGVB8VF;
				ENABLE_HARDENED_RUNTIME = YES;
				ENABLE_PREVIEWS = YES;
				GENERATE_INFOPLIST_FILE = YES;
				INFOPLIST_KEY_NSHumanReadableCopyright = "";
				LD_RUNPATH_SEARCH_PATHS = (
					"$(inherited)",
					"@executable_path/../Frameworks",
				);
				MACOSX_DEPLOYMENT_TARGET = 14.0;
				MARKETING_VERSION = 1.0;
				PRODUCT_BUNDLE_IDENTIFIER = com.easytime.quickboard.DragableScrollView;
				PRODUCT_NAME = "$(TARGET_NAME)";
				SWIFT_EMIT_LOC_STRINGS = YES;
				SWIFT_VERSION = 5.0;
			};
			name = Debug;
		};
		7A86E5722D8D0B910041B0C1 /* Release */ = {
			isa = XCBuildConfiguration;
			buildSettings = {
				ASSETCATALOG_COMPILER_APPICON_NAME = AppIcon;
				ASSETCATALOG_COMPILER_GLOBAL_ACCENT_COLOR_NAME = AccentColor;
				CODE_SIGN_ENTITLEMENTS = DragableScrollView/DragableScrollView.entitlements;
				CODE_SIGN_STYLE = Automatic;
				COMBINE_HIDPI_IMAGES = YES;
				CURRENT_PROJECT_VERSION = 1;
				DEVELOPMENT_ASSET_PATHS = "\"DragableScrollView/Preview Content\"";
				DEVELOPMENT_TEAM = 586SGVB8VF;
				ENABLE_HARDENED_RUNTIME = YES;
				ENABLE_PREVIEWS = YES;
				GENERATE_INFOPLIST_FILE = YES;
				INFOPLIST_KEY_NSHumanReadableCopyright = "";
				LD_RUNPATH_SEARCH_PATHS = (
					"$(inherited)",
					"@executable_path/../Frameworks",
				);
				MACOSX_DEPLOYMENT_TARGET = 14.0;
				MARKETING_VERSION = 1.0;
				PRODUCT_BUNDLE_IDENTIFIER = com.easytime.quickboard.DragableScrollView;
				PRODUCT_NAME = "$(TARGET_NAME)";
				SWIFT_EMIT_LOC_STRINGS = YES;
				SWIFT_VERSION = 5.0;
			};
			name = Release;
		};
		7A86E5742D8D0B910041B0C1 /* Debug */ = {
			isa = XCBuildConfiguration;
			buildSettings = {
				BUNDLE_LOADER = "$(TEST_HOST)";
				CODE_SIGN_STYLE = Automatic;
				CURRENT_PROJECT_VERSION = 1;
				DEVELOPMENT_TEAM = 586SGVB8VF;
				GENERATE_INFOPLIST_FILE = YES;
				MACOSX_DEPLOYMENT_TARGET = 14.0;
				MARKETING_VERSION = 1.0;
				PRODUCT_BUNDLE_IDENTIFIER = com.easytime.quickboard.DragableScrollViewTests;
				PRODUCT_NAME = "$(TARGET_NAME)";
				SWIFT_EMIT_LOC_STRINGS = NO;
				SWIFT_VERSION = 5.0;
				TEST_HOST = "$(BUILT_PRODUCTS_DIR)/DragableScrollView.app/$(BUNDLE_EXECUTABLE_FOLDER_PATH)/DragableScrollView";
			};
			name = Debug;
		};
		7A86E5752D8D0B910041B0C1 /* Release */ = {
			isa = XCBuildConfiguration;
			buildSettings = {
				BUNDLE_LOADER = "$(TEST_HOST)";
				CODE_SIGN_STYLE = Automatic;
				CURRENT_PROJECT_VERSION = 1;
				DEVELOPMENT_TEAM = 586SGVB8VF;
				GENERATE_INFOPLIST_FILE = YES;
				MACOSX_DEPLOYMENT_TARGET = 14.0;
				MARKETING_VERSION = 1.0;
				PRODUCT_BUNDLE_IDENTIFIER = com.easytime.quickboard.DragableScrollViewTests;
				PRODUCT_NAME = "$(TARGET_NAME)";
				SWIFT_EMIT_LOC_STRINGS = NO;
				SWIFT_VERSION = 5.0;
				TEST_HOST = "$(BUILT_PRODUCTS_DIR)/DragableScrollView.app/$(BUNDLE_EXECUTABLE_FOLDER_PATH)/DragableScrollView";
			};
			name = Release;
		};
		7A86E5772D8D0B910041B0C1 /* Debug */ = {
			isa = XCBuildConfiguration;
			buildSettings = {
				CODE_SIGN_STYLE = Automatic;
				CURRENT_PROJECT_VERSION = 1;
				DEVELOPMENT_TEAM = 586SGVB8VF;
				GENERATE_INFOPLIST_FILE = YES;
				MARKETING_VERSION = 1.0;
				PRODUCT_BUNDLE_IDENTIFIER = com.easytime.quickboard.DragableScrollViewUITests;
				PRODUCT_NAME = "$(TARGET_NAME)";
				SWIFT_EMIT_LOC_STRINGS = NO;
				SWIFT_VERSION = 5.0;
				TEST_TARGET_NAME = DragableScrollView;
			};
			name = Debug;
		};
		7A86E5782D8D0B910041B0C1 /* Release */ = {
			isa = XCBuildConfiguration;
			buildSettings = {
				CODE_SIGN_STYLE = Automatic;
				CURRENT_PROJECT_VERSION = 1;
				DEVELOPMENT_TEAM = 586SGVB8VF;
				GENERATE_INFOPLIST_FILE = YES;
				MARKETING_VERSION = 1.0;
				PRODUCT_BUNDLE_IDENTIFIER = com.easytime.quickboard.DragableScrollViewUITests;
				PRODUCT_NAME = "$(TARGET_NAME)";
				SWIFT_EMIT_LOC_STRINGS = NO;
				SWIFT_VERSION = 5.0;
				TEST_TARGET_NAME = DragableScrollView;
			};
			name = Release;
		};
/* End XCBuildConfiguration section */

/* Begin XCConfigurationList section */
		7A86E5442D8D0B900041B0C1 /* Build configuration list for PBXProject "DragableScrollView" */ = {
			isa = XCConfigurationList;
			buildConfigurations = (
				7A86E56E2D8D0B910041B0C1 /* Debug */,
				7A86E56F2D8D0B910041B0C1 /* Release */,
			);
			defaultConfigurationIsVisible = 0;
			defaultConfigurationName = Release;
		};
		7A86E5702D8D0B910041B0C1 /* Build configuration list for PBXNativeTarget "DragableScrollView" */ = {
			isa = XCConfigurationList;
			buildConfigurations = (
				7A86E5712D8D0B910041B0C1 /* Debug */,
				7A86E5722D8D0B910041B0C1 /* Release */,
			);
			defaultConfigurationIsVisible = 0;
			defaultConfigurationName = Release;
		};
		7A86E5732D8D0B910041B0C1 /* Build configuration list for PBXNativeTarget "DragableScrollViewTests" */ = {
			isa = XCConfigurationList;
			buildConfigurations = (
				7A86E5742D8D0B910041B0C1 /* Debug */,
				7A86E5752D8D0B910041B0C1 /* Release */,
			);
			defaultConfigurationIsVisible = 0;
			defaultConfigurationName = Release;
		};
		7A86E5762D8D0B910041B0C1 /* Build configuration list for PBXNativeTarget "DragableScrollViewUITests" */ = {
			isa = XCConfigurationList;
			buildConfigurations = (
				7A86E5772D8D0B910041B0C1 /* Debug */,
				7A86E5782D8D0B910041B0C1 /* Release */,
			);
			defaultConfigurationIsVisible = 0;
			defaultConfigurationName = Release;
		};
/* End XCConfigurationList section */
	};
	rootObject = 7A86E5412D8D0B900041B0C1 /* Project object */;
}
